// !$*UTF8*$!
{
	archiveVersion = 1;
	classes = {
	};
	objectVersion = 55;
	objects = {

/* Begin PBXBuildFile section */
		12E35F7F2833791000A89195 /* HomeWorkProgressRingApp.swift in Sources */ = {isa = PBXBuildFile; fileRef = 12E35F7E2833791000A89195 /* HomeWorkProgressRingApp.swift */; };
		12E35F812833791000A89195 /* ContentView.swift in Sources */ = {isa = PBXBuildFile; fileRef = 12E35F802833791000A89195 /* ContentView.swift */; };
		12E35F832833791600A89195 /* Assets.xcassets in Resources */ = {isa = PBXBuildFile; fileRef = 12E35F822833791600A89195 /* Assets.xcassets */; };
		12E35F862833791600A89195 /* Preview Assets.xcassets in Resources */ = {isa = PBXBuildFile; fileRef = 12E35F852833791600A89195 /* Preview Assets.xcassets */; };
		12E35F902833795B00A89195 /* Task.swift in Sources */ = {isa = PBXBuildFile; fileRef = 12E35F8F2833795B00A89195 /* Task.swift */; };
		12E35F9228337B0F00A89195 /* TaskStore.swift in Sources */ = {isa = PBXBuildFile; fileRef = 12E35F9128337B0F00A89195 /* TaskStore.swift */; };
		12E35F9528337B6200A89195 /* Color+Ext.swift in Sources */ = {isa = PBXBuildFile; fileRef = 12E35F9428337B6200A89195 /* Color+Ext.swift */; };
		12E35F9728337BC300A89195 /* TaskGridView.swift in Sources */ = {isa = PBXBuildFile; fileRef = 12E35F9628337BC300A89195 /* TaskGridView.swift */; };
		12E35F9928337C0A00A89195 /* ProgressRingView.swift in Sources */ = {isa = PBXBuildFile; fileRef = 12E35F9828337C0A00A89195 /* ProgressRingView.swift */; };
		12E35F9B28337C5D00A89195 /* View+Ext.swift in Sources */ = {isa = PBXBuildFile; fileRef = 12E35F9A28337C5D00A89195 /* View+Ext.swift */; };
		12E35F9D28338D2900A89195 /* TestAddView.swift in Sources */ = {isa = PBXBuildFile; fileRef = 12E35F9C28338D2900A89195 /* TestAddView.swift */; };
/* End PBXBuildFile section */

/* Begin PBXFileReference section */
		12E35F7B2833791000A89195 /* HomeWorkProgressRing.app */ = {isa = PBXFileReference; explicitFileType = wrapper.application; includeInIndex = 0; path = HomeWorkProgressRing.app; sourceTree = BUILT_PRODUCTS_DIR; };
		12E35F7E2833791000A89195 /* HomeWorkProgressRingApp.swift */ = {isa = PBXFileReference; lastKnownFileType = sourcecode.swift; path = HomeWorkProgressRingApp.swift; sourceTree = "<group>"; };
		12E35F802833791000A89195 /* ContentView.swift */ = {isa = PBXFileReference; lastKnownFileType = sourcecode.swift; path = ContentView.swift; sourceTree = "<group>"; };
		12E35F822833791600A89195 /* Assets.xcassets */ = {isa = PBXFileReference; lastKnownFileType = folder.assetcatalog; path = Assets.xcassets; sourceTree = "<group>"; };
		12E35F852833791600A89195 /* Preview Assets.xcassets */ = {isa = PBXFileReference; lastKnownFileType = folder.assetcatalog; path = "Preview Assets.xcassets"; sourceTree = "<group>"; };
		12E35F8F2833795B00A89195 /* Task.swift */ = {isa = PBXFileReference; lastKnownFileType = sourcecode.swift; path = Task.swift; sourceTree = "<group>"; };
		12E35F9128337B0F00A89195 /* TaskStore.swift */ = {isa = PBXFileReference; lastKnownFileType = sourcecode.swift; path = TaskStore.swift; sourceTree = "<group>"; };
		12E35F9428337B6200A89195 /* Color+Ext.swift */ = {isa = PBXFileReference; lastKnownFileType = sourcecode.swift; path = "Color+Ext.swift"; sourceTree = "<group>"; };
		12E35F9628337BC300A89195 /* TaskGridView.swift */ = {isa = PBXFileReference; lastKnownFileType = sourcecode.swift; path = TaskGridView.swift; sourceTree = "<group>"; };
		12E35F9828337C0A00A89195 /* ProgressRingView.swift */ = {isa = PBXFileReference; lastKnownFileType = sourcecode.swift; path = ProgressRingView.swift; sourceTree = "<group>"; };
		12E35F9A28337C5D00A89195 /* View+Ext.swift */ = {isa = PBXFileReference; lastKnownFileType = sourcecode.swift; path = "View+Ext.swift"; sourceTree = "<group>"; };
		12E35F9C28338D2900A89195 /* TestAddView.swift */ = {isa = PBXFileReference; lastKnownFileType = sourcecode.swift; path = TestAddView.swift; sourceTree = "<group>"; };
/* End PBXFileReference section */

/* Begin PBXFrameworksBuildPhase section */
		12E35F782833791000A89195 /* Frameworks */ = {
			isa = PBXFrameworksBuildPhase;
			buildActionMask = 2147483647;
			files = (
			);
			runOnlyForDeploymentPostprocessing = 0;
		};
/* End PBXFrameworksBuildPhase section */

/* Begin PBXGroup section */
		12E35F722833791000A89195 = {
			isa = PBXGroup;
			children = (
				12E35F7D2833791000A89195 /* HomeWorkProgressRing */,
				12E35F7C2833791000A89195 /* Products */,
			);
			sourceTree = "<group>";
		};
		12E35F7C2833791000A89195 /* Products */ = {
			isa = PBXGroup;
			children = (
				12E35F7B2833791000A89195 /* HomeWorkProgressRing.app */,
			);
			name = Products;
			sourceTree = "<group>";
		};
		12E35F7D2833791000A89195 /* HomeWorkProgressRing */ = {
			isa = PBXGroup;
			children = (
				12E35F9328337B4A00A89195 /* Extension */,
				12E35F8D2833793300A89195 /* Modle */,
				12E35F8C2833792900A89195 /* View */,
				12E35F7E2833791000A89195 /* HomeWorkProgressRingApp.swift */,
				12E35F822833791600A89195 /* Assets.xcassets */,
				12E35F842833791600A89195 /* Preview Content */,
			);
			path = HomeWorkProgressRing;
			sourceTree = "<group>";
		};
		12E35F842833791600A89195 /* Preview Content */ = {
			isa = PBXGroup;
			children = (
				12E35F852833791600A89195 /* Preview Assets.xcassets */,
			);
			path = "Preview Content";
			sourceTree = "<group>";
		};
		12E35F8C2833792900A89195 /* View */ = {
			isa = PBXGroup;
			children = (
				12E35F802833791000A89195 /* ContentView.swift */,
				12E35F9628337BC300A89195 /* TaskGridView.swift */,
				12E35F9828337C0A00A89195 /* ProgressRingView.swift */,
				12E35F9C28338D2900A89195 /* TestAddView.swift */,
			);
			path = View;
			sourceTree = "<group>";
		};
		12E35F8D2833793300A89195 /* Modle */ = {
			isa = PBXGroup;
			children = (
				12E35F8F2833795B00A89195 /* Task.swift */,
				12E35F9128337B0F00A89195 /* TaskStore.swift */,
			);
			path = Modle;
			sourceTree = "<group>";
		};
		12E35F9328337B4A00A89195 /* Extension */ = {
			isa = PBXGroup;
			children = (
				12E35F9428337B6200A89195 /* Color+Ext.swift */,
				12E35F9A28337C5D00A89195 /* View+Ext.swift */,
			);
			path = Extension;
			sourceTree = "<group>";
		};
/* End PBXGroup section */

/* Begin PBXNativeTarget section */
		12E35F7A2833791000A89195 /* HomeWorkProgressRing */ = {
			isa = PBXNativeTarget;
			buildConfigurationList = 12E35F892833791600A89195 /* Build configuration list for PBXNativeTarget "HomeWorkProgressRing" */;
			buildPhases = (
				12E35F772833791000A89195 /* Sources */,
				12E35F782833791000A89195 /* Frameworks */,
				12E35F792833791000A89195 /* Resources */,
			);
			buildRules = (
			);
			dependencies = (
			);
			name = HomeWorkProgressRing;
			productName = HomeWorkProgressRing;
			productReference = 12E35F7B2833791000A89195 /* HomeWorkProgressRing.app */;
			productType = "com.apple.product-type.application";
		};
/* End PBXNativeTarget section */

/* Begin PBXProject section */
		12E35F732833791000A89195 /* Project object */ = {
			isa = PBXProject;
			attributes = {
				BuildIndependentTargetsInParallel = 1;
				LastSwiftUpdateCheck = 1340;
				LastUpgradeCheck = 1340;
				TargetAttributes = {
					12E35F7A2833791000A89195 = {
						CreatedOnToolsVersion = 13.4;
					};
				};
			};
			buildConfigurationList = 12E35F762833791000A89195 /* Build configuration list for PBXProject "HomeWorkProgressRing" */;
			compatibilityVersion = "Xcode 13.0";
			developmentRegion = en;
			hasScannedForEncodings = 0;
			knownRegions = (
				en,
				Base,
			);
			mainGroup = 12E35F722833791000A89195;
			productRefGroup = 12E35F7C2833791000A89195 /* Products */;
			projectDirPath = "";
			projectRoot = "";
			targets = (
				12E35F7A2833791000A89195 /* HomeWorkProgressRing */,
			);
		};
/* End PBXProject section */

/* Begin PBXResourcesBuildPhase section */
		12E35F792833791000A89195 /* Resources */ = {
			isa = PBXResourcesBuildPhase;
			buildActionMask = 2147483647;
			files = (
				12E35F862833791600A89195 /* Preview Assets.xcassets in Resources */,
				12E35F832833791600A89195 /* Assets.xcassets in Resources */,
			);
			runOnlyForDeploymentPostprocessing = 0;
		};
/* End PBXResourcesBuildPhase section */

/* Begin PBXSourcesBuildPhase section */
		12E35F772833791000A89195 /* Sources */ = {
			isa = PBXSourcesBuildPhase;
			buildActionMask = 2147483647;
			files = (
				12E35F9B28337C5D00A89195 /* View+Ext.swift in Sources */,
				12E35F9928337C0A00A89195 /* ProgressRingView.swift in Sources */,
				12E35F812833791000A89195 /* ContentView.swift in Sources */,
				12E35F9D28338D2900A89195 /* TestAddView.swift in Sources */,
				12E35F902833795B00A89195 /* Task.swift in Sources */,
				12E35F9228337B0F00A89195 /* TaskStore.swift in Sources */,
				12E35F9728337BC300A89195 /* TaskGridView.swift in Sources */,
				12E35F7F2833791000A89195 /* HomeWorkProgressRingApp.swift in Sources */,
				12E35F9528337B6200A89195 /* Color+Ext.swift in Sources */,
			);
			runOnlyForDeploymentPostprocessing = 0;
		};
/* End PBXSourcesBuildPhase section */

/* Begin XCBuildConfiguration section */
		12E35F872833791600A89195 /* Debug */ = {
			isa = XCBuildConfiguration;
			buildSettings = {
				ALWAYS_SEARCH_USER_PATHS = NO;
				CLANG_ANALYZER_NONNULL = YES;
				CLANG_ANALYZER_NUMBER_OBJECT_CONVERSION = YES_AGGRESSIVE;
				CLANG_CXX_LANGUAGE_STANDARD = "gnu++17";
				CLANG_ENABLE_MODULES = YES;
				CLANG_ENABLE_OBJC_ARC = YES;
				CLANG_ENABLE_OBJC_WEAK = YES;
				CLANG_WARN_BLOCK_CAPTURE_AUTORELEASING = YES;
				CLANG_WARN_BOOL_CONVERSION = YES;
				CLANG_WARN_COMMA = YES;
				CLANG_WARN_CONSTANT_CONVERSION = YES;
				CLANG_WARN_DEPRECATED_OBJC_IMPLEMENTATIONS = YES;
				CLANG_WARN_DIRECT_OBJC_ISA_USAGE = YES_ERROR;
				CLANG_WARN_DOCUMENTATION_COMMENTS = YES;
				CLANG_WARN_EMPTY_BODY = YES;
				CLANG_WARN_ENUM_CONVERSION = YES;
				CLANG_WARN_INFINITE_RECURSION = YES;
				CLANG_WARN_INT_CONVERSION = YES;
				CLANG_WARN_NON_LITERAL_NULL_CONVERSION = YES;
				CLANG_WARN_OBJC_IMPLICIT_RETAIN_SELF = YES;
				CLANG_WARN_OBJC_LITERAL_CONVERSION = YES;
				CLANG_WARN_OBJC_ROOT_CLASS = YES_ERROR;
				CLANG_WARN_QUOTED_INCLUDE_IN_FRAMEWORK_HEADER = YES;
				CLANG_WARN_RANGE_LOOP_ANALYSIS = YES;
				CLANG_WARN_STRICT_PROTOTYPES = YES;
				CLANG_WARN_SUSPICIOUS_MOVE = YES;
				CLANG_WARN_UNGUARDED_AVAILABILITY = YES_AGGRESSIVE;
				CLANG_WARN_UNREACHABLE_CODE = YES;
				CLANG_WARN__DUPLICATE_METHOD_MATCH = YES;
				COPY_PHASE_STRIP = NO;
				DEBUG_INFORMATION_FORMAT = dwarf;
				ENABLE_STRICT_OBJC_MSGSEND = YES;
				ENABLE_TESTABILITY = YES;
				GCC_C_LANGUAGE_STANDARD = gnu11;
				GCC_DYNAMIC_NO_PIC = NO;
				GCC_NO_COMMON_BLOCKS = YES;
				GCC_OPTIMIZATION_LEVEL = 0;
				GCC_PREPROCESSOR_DEFINITIONS = (
					"DEBUG=1",
					"$(inherited)",
				);
				GCC_WARN_64_TO_32_BIT_CONVERSION = YES;
				GCC_WARN_ABOUT_RETURN_TYPE = YES_ERROR;
				GCC_WARN_UNDECLARED_SELECTOR = YES;
				GCC_WARN_UNINITIALIZED_AUTOS = YES_AGGRESSIVE;
				GCC_WARN_UNUSED_FUNCTION = YES;
				GCC_WARN_UNUSED_VARIABLE = YES;
				IPHONEOS_DEPLOYMENT_TARGET = 15.5;
				MTL_ENABLE_DEBUG_INFO = INCLUDE_SOURCE;
				MTL_FAST_MATH = YES;
				ONLY_ACTIVE_ARCH = YES;
				SDKROOT = iphoneos;
				SWIFT_ACTIVE_COMPILATION_CONDITIONS = DEBUG;
				SWIFT_OPTIMIZATION_LEVEL = "-Onone";
			};
			name = Debug;
		};
		12E35F882833791600A89195 /* Release */ = {
			isa = XCBuildConfiguration;
			buildSettings = {
				ALWAYS_SEARCH_USER_PATHS = NO;
				CLANG_ANALYZER_NONNULL = YES;
				CLANG_ANALYZER_NUMBER_OBJECT_CONVERSION = YES_AGGRESSIVE;
				CLANG_CXX_LANGUAGE_STANDARD = "gnu++17";
				CLANG_ENABLE_MODULES = YES;
				CLANG_ENABLE_OBJC_ARC = YES;
				CLANG_ENABLE_OBJC_WEAK = YES;
				CLANG_WARN_BLOCK_CAPTURE_AUTORELEASING = YES;
				CLANG_WARN_BOOL_CONVERSION = YES;
				CLANG_WARN_COMMA = YES;
				CLANG_WARN_CONSTANT_CONVERSION = YES;
				CLANG_WARN_DEPRECATED_OBJC_IMPLEMENTATIONS = YES;
				CLANG_WARN_DIRECT_OBJC_ISA_USAGE = YES_ERROR;
				CLANG_WARN_DOCUMENTATION_COMMENTS = YES;
				CLANG_WARN_EMPTY_BODY = YES;
				CLANG_WARN_ENUM_CONVERSION = YES;
				CLANG_WARN_INFINITE_RECURSION = YES;
				CLANG_WARN_INT_CONVERSION = YES;
				CLANG_WARN_NON_LITERAL_NULL_CONVERSION = YES;
				CLANG_WARN_OBJC_IMPLICIT_RETAIN_SELF = YES;
				CLANG_WARN_OBJC_LITERAL_CONVERSION = YES;
				CLANG_WARN_OBJC_ROOT_CLASS = YES_ERROR;
				CLANG_WARN_QUOTED_INCLUDE_IN_FRAMEWORK_HEADER = YES;
				CLANG_WARN_RANGE_LOOP_ANALYSIS = YES;
				CLANG_WARN_STRICT_PROTOTYPES = YES;
				CLANG_WARN_SUSPICIOUS_MOVE = YES;
				CLANG_WARN_UNGUARDED_AVAILABILITY = YES_AGGRESSIVE;
				CLANG_WARN_UNREACHABLE_CODE = YES;
				CLANG_WARN__DUPLICATE_METHOD_MATCH = YES;
				COPY_PHASE_STRIP = NO;
				DEBUG_INFORMATION_FORMAT = "dwarf-with-dsym";
				ENABLE_NS_ASSERTIONS = NO;
				ENABLE_STRICT_OBJC_MSGSEND = YES;
				GCC_C_LANGUAGE_STANDARD = gnu11;
				GCC_NO_COMMON_BLOCKS = YES;
				GCC_WARN_64_TO_32_BIT_CONVERSION = YES;
				GCC_WARN_ABOUT_RETURN_TYPE = YES_ERROR;
				GCC_WARN_UNDECLARED_SELECTOR = YES;
				GCC_WARN_UNINITIALIZED_AUTOS = YES_AGGRESSIVE;
				GCC_WARN_UNUSED_FUNCTION = YES;
				GCC_WARN_UNUSED_VARIABLE = YES;
				IPHONEOS_DEPLOYMENT_TARGET = 15.5;
				MTL_ENABLE_DEBUG_INFO = NO;
				MTL_FAST_MATH = YES;
				SDKROOT = iphoneos;
				SWIFT_COMPILATION_MODE = wholemodule;
				SWIFT_OPTIMIZATION_LEVEL = "-O";
				VALIDATE_PRODUCT = YES;
			};
			name = Release;
		};
		12E35F8A2833791600A89195 /* Debug */ = {
			isa = XCBuildConfiguration;
			buildSettings = {
				ASSETCATALOG_COMPILER_APPICON_NAME = AppIcon;
				ASSETCATALOG_COMPILER_GLOBAL_ACCENT_COLOR_NAME = AccentColor;
				CODE_SIGN_STYLE = Automatic;
				CURRENT_PROJECT_VERSION = 1;
				DEVELOPMENT_ASSET_PATHS = "\"HomeWorkProgressRing/Preview Content\"";
				ENABLE_PREVIEWS = YES;
				GENERATE_INFOPLIST_FILE = YES;
				INFOPLIST_KEY_UIApplicationSceneManifest_Generation = YES;
				INFOPLIST_KEY_UIApplicationSupportsIndirectInputEvents = YES;
				INFOPLIST_KEY_UILaunchScreen_Generation = YES;
				INFOPLIST_KEY_UISupportedInterfaceOrientations_iPad = "UIInterfaceOrientationPortrait UIInterfaceOrientationPortraitUpsideDown UIInterfaceOrientationLandscapeLeft UIInterfaceOrientationLandscapeRight";
				INFOPLIST_KEY_UISupportedInterfaceOrientations_iPhone = "UIInterfaceOrientationPortrait UIInterfaceOrientationLandscapeLeft UIInterfaceOrientationLandscapeRight";
				LD_RUNPATH_SEARCH_PATHS = (
					"$(inherited)",
					"@executable_path/Frameworks",
				);
				MARKETING_VERSION = 1.0;
				PRODUCT_BUNDLE_IDENTIFIER = com.trixie.HomeWorkProgressRing;
				PRODUCT_NAME = "$(TARGET_NAME)";
				SWIFT_EMIT_LOC_STRINGS = YES;
				SWIFT_VERSION = 5.0;
				TARGETED_DEVICE_FAMILY = "1,2";
			};
			name = Debug;
		};
		12E35F8B2833791600A89195 /* Release */ = {
			isa = XCBuildConfiguration;
			buildSettings = {
				ASSETCATALOG_COMPILER_APPICON_NAME = AppIcon;
				ASSETCATALOG_COMPILER_GLOBAL_ACCENT_COLOR_NAME = AccentColor;
				CODE_SIGN_STYLE = Automatic;
				CURRENT_PROJECT_VERSION = 1;
				DEVELOPMENT_ASSET_PATHS = "\"HomeWorkProgressRing/Preview Content\"";
				ENABLE_PREVIEWS = YES;
				GENERATE_INFOPLIST_FILE = YES;
				INFOPLIST_KEY_UIApplicationSceneManifest_Generation = YES;
				INFOPLIST_KEY_UIApplicationSupportsIndirectInputEvents = YES;
				INFOPLIST_KEY_UILaunchScreen_Generation = YES;
				INFOPLIST_KEY_UISupportedInterfaceOrientations_iPad = "UIInterfaceOrientationPortrait UIInterfaceOrientationPortraitUpsideDown UIInterfaceOrientationLandscapeLeft UIInterfaceOrientationLandscapeRight";
				INFOPLIST_KEY_UISupportedInterfaceOrientations_iPhone = "UIInterfaceOrientationPortrait UIInterfaceOrientationLandscapeLeft UIInterfaceOrientationLandscapeRight";
				LD_RUNPATH_SEARCH_PATHS = (
					"$(inherited)",
					"@executable_path/Frameworks",
				);
				MARKETING_VERSION = 1.0;
				PRODUCT_BUNDLE_IDENTIFIER = com.trixie.HomeWorkProgressRing;
				PRODUCT_NAME = "$(TARGET_NAME)";
				SWIFT_EMIT_LOC_STRINGS = YES;
				SWIFT_VERSION = 5.0;
				TARGETED_DEVICE_FAMILY = "1,2";
			};
			name = Release;
		};
/* End XCBuildConfiguration section */

/* Begin XCConfigurationList section */
		12E35F762833791000A89195 /* Build configuration list for PBXProject "HomeWorkProgressRing" */ = {
			isa = XCConfigurationList;
			buildConfigurations = (
				12E35F872833791600A89195 /* Debug */,
				12E35F882833791600A89195 /* Release */,
			);
			defaultConfigurationIsVisible = 0;
			defaultConfigurationName = Release;
		};
		12E35F892833791600A89195 /* Build configuration list for PBXNativeTarget "HomeWorkProgressRing" */ = {
			isa = XCConfigurationList;
			buildConfigurations = (
				12E35F8A2833791600A89195 /* Debug */,
				12E35F8B2833791600A89195 /* Release */,
			);
			defaultConfigurationIsVisible = 0;
			defaultConfigurationName = Release;
		};
/* End XCConfigurationList section */
	};
	rootObject = 12E35F732833791000A89195 /* Project object */;
}
