// !$*UTF8*$!
{
	archiveVersion = 1;
	classes = {
	};
	objectVersion = 55;
	objects = {

/* Begin PBXBuildFile section */
		121D22E4282B60310082CC38 /* SwiftUIKivaLoanApp.swift in Sources */ = {isa = PBXBuildFile; fileRef = 121D22E3282B60310082CC38 /* SwiftUIKivaLoanApp.swift */; };
		121D22E6282B60310082CC38 /* ContentView.swift in Sources */ = {isa = PBXBuildFile; fileRef = 121D22E5282B60310082CC38 /* ContentView.swift */; };
		121D22E8282B60340082CC38 /* Assets.xcassets in Resources */ = {isa = PBXBuildFile; fileRef = 121D22E7282B60340082CC38 /* Assets.xcassets */; };
		121D22EB282B60340082CC38 /* Preview Assets.xcassets in Resources */ = {isa = PBXBuildFile; fileRef = 121D22EA282B60340082CC38 /* Preview Assets.xcassets */; };
		121D22F2282B605D0082CC38 /* Loan.swift in Sources */ = {isa = PBXBuildFile; fileRef = 121D22F1282B605D0082CC38 /* Loan.swift */; };
		121D22F4282B60A70082CC38 /* LoanStore.swift in Sources */ = {isa = PBXBuildFile; fileRef = 121D22F3282B60A70082CC38 /* LoanStore.swift */; };
		121D22F6282B63E80082CC38 /* LoanCellView.swift in Sources */ = {isa = PBXBuildFile; fileRef = 121D22F5282B63E80082CC38 /* LoanCellView.swift */; };
		121D22F8282B67650082CC38 /* LoanFilterView.swift in Sources */ = {isa = PBXBuildFile; fileRef = 121D22F7282B67650082CC38 /* LoanFilterView.swift */; };
/* End PBXBuildFile section */

/* Begin PBXFileReference section */
		121D22E0282B60310082CC38 /* SwiftUIKivaLoan.app */ = {isa = PBXFileReference; explicitFileType = wrapper.application; includeInIndex = 0; path = SwiftUIKivaLoan.app; sourceTree = BUILT_PRODUCTS_DIR; };
		121D22E3282B60310082CC38 /* SwiftUIKivaLoanApp.swift */ = {isa = PBXFileReference; lastKnownFileType = sourcecode.swift; path = SwiftUIKivaLoanApp.swift; sourceTree = "<group>"; };
		121D22E5282B60310082CC38 /* ContentView.swift */ = {isa = PBXFileReference; lastKnownFileType = sourcecode.swift; path = ContentView.swift; sourceTree = "<group>"; };
		121D22E7282B60340082CC38 /* Assets.xcassets */ = {isa = PBXFileReference; lastKnownFileType = folder.assetcatalog; path = Assets.xcassets; sourceTree = "<group>"; };
		121D22EA282B60340082CC38 /* Preview Assets.xcassets */ = {isa = PBXFileReference; lastKnownFileType = folder.assetcatalog; path = "Preview Assets.xcassets"; sourceTree = "<group>"; };
		121D22F1282B605D0082CC38 /* Loan.swift */ = {isa = PBXFileReference; lastKnownFileType = sourcecode.swift; path = Loan.swift; sourceTree = "<group>"; };
		121D22F3282B60A70082CC38 /* LoanStore.swift */ = {isa = PBXFileReference; lastKnownFileType = sourcecode.swift; path = LoanStore.swift; sourceTree = "<group>"; };
		121D22F5282B63E80082CC38 /* LoanCellView.swift */ = {isa = PBXFileReference; lastKnownFileType = sourcecode.swift; path = LoanCellView.swift; sourceTree = "<group>"; };
		121D22F7282B67650082CC38 /* LoanFilterView.swift */ = {isa = PBXFileReference; lastKnownFileType = sourcecode.swift; path = LoanFilterView.swift; sourceTree = "<group>"; };
/* End PBXFileReference section */

/* Begin PBXFrameworksBuildPhase section */
		121D22DD282B60310082CC38 /* Frameworks */ = {
			isa = PBXFrameworksBuildPhase;
			buildActionMask = 2147483647;
			files = (
			);
			runOnlyForDeploymentPostprocessing = 0;
		};
/* End PBXFrameworksBuildPhase section */

/* Begin PBXGroup section */
		121D22D7282B60310082CC38 = {
			isa = PBXGroup;
			children = (
				121D22E2282B60310082CC38 /* SwiftUIKivaLoan */,
				121D22E1282B60310082CC38 /* Products */,
			);
			sourceTree = "<group>";
		};
		121D22E1282B60310082CC38 /* Products */ = {
			isa = PBXGroup;
			children = (
				121D22E0282B60310082CC38 /* SwiftUIKivaLoan.app */,
			);
			name = Products;
			sourceTree = "<group>";
		};
		121D22E2282B60310082CC38 /* SwiftUIKivaLoan */ = {
			isa = PBXGroup;
			children = (
				121D22E3282B60310082CC38 /* SwiftUIKivaLoanApp.swift */,
				121D22E5282B60310082CC38 /* ContentView.swift */,
				121D22E7282B60340082CC38 /* Assets.xcassets */,
				121D22E9282B60340082CC38 /* Preview Content */,
				121D22F1282B605D0082CC38 /* Loan.swift */,
				121D22F3282B60A70082CC38 /* LoanStore.swift */,
				121D22F5282B63E80082CC38 /* LoanCellView.swift */,
				121D22F7282B67650082CC38 /* LoanFilterView.swift */,
			);
			path = SwiftUIKivaLoan;
			sourceTree = "<group>";
		};
		121D22E9282B60340082CC38 /* Preview Content */ = {
			isa = PBXGroup;
			children = (
				121D22EA282B60340082CC38 /* Preview Assets.xcassets */,
			);
			path = "Preview Content";
			sourceTree = "<group>";
		};
/* End PBXGroup section */

/* Begin PBXNativeTarget section */
		121D22DF282B60310082CC38 /* SwiftUIKivaLoan */ = {
			isa = PBXNativeTarget;
			buildConfigurationList = 121D22EE282B60340082CC38 /* Build configuration list for PBXNativeTarget "SwiftUIKivaLoan" */;
			buildPhases = (
				121D22DC282B60310082CC38 /* Sources */,
				121D22DD282B60310082CC38 /* Frameworks */,
				121D22DE282B60310082CC38 /* Resources */,
			);
			buildRules = (
			);
			dependencies = (
			);
			name = SwiftUIKivaLoan;
			productName = SwiftUIKivaLoan;
			productReference = 121D22E0282B60310082CC38 /* SwiftUIKivaLoan.app */;
			productType = "com.apple.product-type.application";
		};
/* End PBXNativeTarget section */

/* Begin PBXProject section */
		121D22D8282B60310082CC38 /* Project object */ = {
			isa = PBXProject;
			attributes = {
				BuildIndependentTargetsInParallel = 1;
				LastSwiftUpdateCheck = 1330;
				LastUpgradeCheck = 1330;
				TargetAttributes = {
					121D22DF282B60310082CC38 = {
						CreatedOnToolsVersion = 13.3.1;
					};
				};
			};
			buildConfigurationList = 121D22DB282B60310082CC38 /* Build configuration list for PBXProject "SwiftUIKivaLoan" */;
			compatibilityVersion = "Xcode 13.0";
			developmentRegion = en;
			hasScannedForEncodings = 0;
			knownRegions = (
				en,
				Base,
			);
			mainGroup = 121D22D7282B60310082CC38;
			productRefGroup = 121D22E1282B60310082CC38 /* Products */;
			projectDirPath = "";
			projectRoot = "";
			targets = (
				121D22DF282B60310082CC38 /* SwiftUIKivaLoan */,
			);
		};
/* End PBXProject section */

/* Begin PBXResourcesBuildPhase section */
		121D22DE282B60310082CC38 /* Resources */ = {
			isa = PBXResourcesBuildPhase;
			buildActionMask = 2147483647;
			files = (
				121D22EB282B60340082CC38 /* Preview Assets.xcassets in Resources */,
				121D22E8282B60340082CC38 /* Assets.xcassets in Resources */,
			);
			runOnlyForDeploymentPostprocessing = 0;
		};
/* End PBXResourcesBuildPhase section */

/* Begin PBXSourcesBuildPhase section */
		121D22DC282B60310082CC38 /* Sources */ = {
			isa = PBXSourcesBuildPhase;
			buildActionMask = 2147483647;
			files = (
				121D22E6282B60310082CC38 /* ContentView.swift in Sources */,
				121D22F4282B60A70082CC38 /* LoanStore.swift in Sources */,
				121D22F8282B67650082CC38 /* LoanFilterView.swift in Sources */,
				121D22F6282B63E80082CC38 /* LoanCellView.swift in Sources */,
				121D22F2282B605D0082CC38 /* Loan.swift in Sources */,
				121D22E4282B60310082CC38 /* SwiftUIKivaLoanApp.swift in Sources */,
			);
			runOnlyForDeploymentPostprocessing = 0;
		};
/* End PBXSourcesBuildPhase section */

/* Begin XCBuildConfiguration section */
		121D22EC282B60340082CC38 /* Debug */ = {
			isa = XCBuildConfiguration;
			buildSettings = {
				ALWAYS_SEARCH_USER_PATHS = NO;
				CLANG_ANALYZER_NONNULL = YES;
				CLANG_ANALYZER_NUMBER_OBJECT_CONVERSION = YES_AGGRESSIVE;
				CLANG_CXX_LANGUAGE_STANDARD = "gnu++17";
				CLANG_ENABLE_MODULES = YES;
				CLANG_ENABLE_OBJC_ARC = YES;
				CLANG_ENABLE_OBJC_WEAK = YES;
				CLANG_WARN_BLOCK_CAPTURE_AUTORELEASING = YES;
				CLANG_WARN_BOOL_CONVERSION = YES;
				CLANG_WARN_COMMA = YES;
				CLANG_WARN_CONSTANT_CONVERSION = YES;
				CLANG_WARN_DEPRECATED_OBJC_IMPLEMENTATIONS = YES;
				CLANG_WARN_DIRECT_OBJC_ISA_USAGE = YES_ERROR;
				CLANG_WARN_DOCUMENTATION_COMMENTS = YES;
				CLANG_WARN_EMPTY_BODY = YES;
				CLANG_WARN_ENUM_CONVERSION = YES;
				CLANG_WARN_INFINITE_RECURSION = YES;
				CLANG_WARN_INT_CONVERSION = YES;
				CLANG_WARN_NON_LITERAL_NULL_CONVERSION = YES;
				CLANG_WARN_OBJC_IMPLICIT_RETAIN_SELF = YES;
				CLANG_WARN_OBJC_LITERAL_CONVERSION = YES;
				CLANG_WARN_OBJC_ROOT_CLASS = YES_ERROR;
				CLANG_WARN_QUOTED_INCLUDE_IN_FRAMEWORK_HEADER = YES;
				CLANG_WARN_RANGE_LOOP_ANALYSIS = YES;
				CLANG_WARN_STRICT_PROTOTYPES = YES;
				CLANG_WARN_SUSPICIOUS_MOVE = YES;
				CLANG_WARN_UNGUARDED_AVAILABILITY = YES_AGGRESSIVE;
				CLANG_WARN_UNREACHABLE_CODE = YES;
				CLANG_WARN__DUPLICATE_METHOD_MATCH = YES;
				COPY_PHASE_STRIP = NO;
				DEBUG_INFORMATION_FORMAT = dwarf;
				ENABLE_STRICT_OBJC_MSGSEND = YES;
				ENABLE_TESTABILITY = YES;
				GCC_C_LANGUAGE_STANDARD = gnu11;
				GCC_DYNAMIC_NO_PIC = NO;
				GCC_NO_COMMON_BLOCKS = YES;
				GCC_OPTIMIZATION_LEVEL = 0;
				GCC_PREPROCESSOR_DEFINITIONS = (
					"DEBUG=1",
					"$(inherited)",
				);
				GCC_WARN_64_TO_32_BIT_CONVERSION = YES;
				GCC_WARN_ABOUT_RETURN_TYPE = YES_ERROR;
				GCC_WARN_UNDECLARED_SELECTOR = YES;
				GCC_WARN_UNINITIALIZED_AUTOS = YES_AGGRESSIVE;
				GCC_WARN_UNUSED_FUNCTION = YES;
				GCC_WARN_UNUSED_VARIABLE = YES;
				IPHONEOS_DEPLOYMENT_TARGET = 15.4;
				MTL_ENABLE_DEBUG_INFO = INCLUDE_SOURCE;
				MTL_FAST_MATH = YES;
				ONLY_ACTIVE_ARCH = YES;
				SDKROOT = iphoneos;
				SWIFT_ACTIVE_COMPILATION_CONDITIONS = DEBUG;
				SWIFT_OPTIMIZATION_LEVEL = "-Onone";
			};
			name = Debug;
		};
		121D22ED282B60340082CC38 /* Release */ = {
			isa = XCBuildConfiguration;
			buildSettings = {
				ALWAYS_SEARCH_USER_PATHS = NO;
				CLANG_ANALYZER_NONNULL = YES;
				CLANG_ANALYZER_NUMBER_OBJECT_CONVERSION = YES_AGGRESSIVE;
				CLANG_CXX_LANGUAGE_STANDARD = "gnu++17";
				CLANG_ENABLE_MODULES = YES;
				CLANG_ENABLE_OBJC_ARC = YES;
				CLANG_ENABLE_OBJC_WEAK = YES;
				CLANG_WARN_BLOCK_CAPTURE_AUTORELEASING = YES;
				CLANG_WARN_BOOL_CONVERSION = YES;
				CLANG_WARN_COMMA = YES;
				CLANG_WARN_CONSTANT_CONVERSION = YES;
				CLANG_WARN_DEPRECATED_OBJC_IMPLEMENTATIONS = YES;
				CLANG_WARN_DIRECT_OBJC_ISA_USAGE = YES_ERROR;
				CLANG_WARN_DOCUMENTATION_COMMENTS = YES;
				CLANG_WARN_EMPTY_BODY = YES;
				CLANG_WARN_ENUM_CONVERSION = YES;
				CLANG_WARN_INFINITE_RECURSION = YES;
				CLANG_WARN_INT_CONVERSION = YES;
				CLANG_WARN_NON_LITERAL_NULL_CONVERSION = YES;
				CLANG_WARN_OBJC_IMPLICIT_RETAIN_SELF = YES;
				CLANG_WARN_OBJC_LITERAL_CONVERSION = YES;
				CLANG_WARN_OBJC_ROOT_CLASS = YES_ERROR;
				CLANG_WARN_QUOTED_INCLUDE_IN_FRAMEWORK_HEADER = YES;
				CLANG_WARN_RANGE_LOOP_ANALYSIS = YES;
				CLANG_WARN_STRICT_PROTOTYPES = YES;
				CLANG_WARN_SUSPICIOUS_MOVE = YES;
				CLANG_WARN_UNGUARDED_AVAILABILITY = YES_AGGRESSIVE;
				CLANG_WARN_UNREACHABLE_CODE = YES;
				CLANG_WARN__DUPLICATE_METHOD_MATCH = YES;
				COPY_PHASE_STRIP = NO;
				DEBUG_INFORMATION_FORMAT = "dwarf-with-dsym";
				ENABLE_NS_ASSERTIONS = NO;
				ENABLE_STRICT_OBJC_MSGSEND = YES;
				GCC_C_LANGUAGE_STANDARD = gnu11;
				GCC_NO_COMMON_BLOCKS = YES;
				GCC_WARN_64_TO_32_BIT_CONVERSION = YES;
				GCC_WARN_ABOUT_RETURN_TYPE = YES_ERROR;
				GCC_WARN_UNDECLARED_SELECTOR = YES;
				GCC_WARN_UNINITIALIZED_AUTOS = YES_AGGRESSIVE;
				GCC_WARN_UNUSED_FUNCTION = YES;
				GCC_WARN_UNUSED_VARIABLE = YES;
				IPHONEOS_DEPLOYMENT_TARGET = 15.4;
				MTL_ENABLE_DEBUG_INFO = NO;
				MTL_FAST_MATH = YES;
				SDKROOT = iphoneos;
				SWIFT_COMPILATION_MODE = wholemodule;
				SWIFT_OPTIMIZATION_LEVEL = "-O";
				VALIDATE_PRODUCT = YES;
			};
			name = Release;
		};
		121D22EF282B60340082CC38 /* Debug */ = {
			isa = XCBuildConfiguration;
			buildSettings = {
				ASSETCATALOG_COMPILER_APPICON_NAME = AppIcon;
				ASSETCATALOG_COMPILER_GLOBAL_ACCENT_COLOR_NAME = AccentColor;
				CODE_SIGN_STYLE = Automatic;
				CURRENT_PROJECT_VERSION = 1;
				DEVELOPMENT_ASSET_PATHS = "\"SwiftUIKivaLoan/Preview Content\"";
				ENABLE_PREVIEWS = YES;
				GENERATE_INFOPLIST_FILE = YES;
				INFOPLIST_KEY_UIApplicationSceneManifest_Generation = YES;
				INFOPLIST_KEY_UIApplicationSupportsIndirectInputEvents = YES;
				INFOPLIST_KEY_UILaunchScreen_Generation = YES;
				INFOPLIST_KEY_UISupportedInterfaceOrientations_iPad = "UIInterfaceOrientationPortrait UIInterfaceOrientationPortraitUpsideDown UIInterfaceOrientationLandscapeLeft UIInterfaceOrientationLandscapeRight";
				INFOPLIST_KEY_UISupportedInterfaceOrientations_iPhone = "UIInterfaceOrientationPortrait UIInterfaceOrientationLandscapeLeft UIInterfaceOrientationLandscapeRight";
				LD_RUNPATH_SEARCH_PATHS = (
					"$(inherited)",
					"@executable_path/Frameworks",
				);
				MARKETING_VERSION = 1.0;
				PRODUCT_BUNDLE_IDENTIFIER = com.trixie.SwiftUIKivaLoan;
				PRODUCT_NAME = "$(TARGET_NAME)";
				SWIFT_EMIT_LOC_STRINGS = YES;
				SWIFT_VERSION = 5.0;
				TARGETED_DEVICE_FAMILY = "1,2";
			};
			name = Debug;
		};
		121D22F0282B60340082CC38 /* Release */ = {
			isa = XCBuildConfiguration;
			buildSettings = {
				ASSETCATALOG_COMPILER_APPICON_NAME = AppIcon;
				ASSETCATALOG_COMPILER_GLOBAL_ACCENT_COLOR_NAME = AccentColor;
				CODE_SIGN_STYLE = Automatic;
				CURRENT_PROJECT_VERSION = 1;
				DEVELOPMENT_ASSET_PATHS = "\"SwiftUIKivaLoan/Preview Content\"";
				ENABLE_PREVIEWS = YES;
				GENERATE_INFOPLIST_FILE = YES;
				INFOPLIST_KEY_UIApplicationSceneManifest_Generation = YES;
				INFOPLIST_KEY_UIApplicationSupportsIndirectInputEvents = YES;
				INFOPLIST_KEY_UILaunchScreen_Generation = YES;
				INFOPLIST_KEY_UISupportedInterfaceOrientations_iPad = "UIInterfaceOrientationPortrait UIInterfaceOrientationPortraitUpsideDown UIInterfaceOrientationLandscapeLeft UIInterfaceOrientationLandscapeRight";
				INFOPLIST_KEY_UISupportedInterfaceOrientations_iPhone = "UIInterfaceOrientationPortrait UIInterfaceOrientationLandscapeLeft UIInterfaceOrientationLandscapeRight";
				LD_RUNPATH_SEARCH_PATHS = (
					"$(inherited)",
					"@executable_path/Frameworks",
				);
				MARKETING_VERSION = 1.0;
				PRODUCT_BUNDLE_IDENTIFIER = com.trixie.SwiftUIKivaLoan;
				PRODUCT_NAME = "$(TARGET_NAME)";
				SWIFT_EMIT_LOC_STRINGS = YES;
				SWIFT_VERSION = 5.0;
				TARGETED_DEVICE_FAMILY = "1,2";
			};
			name = Release;
		};
/* End XCBuildConfiguration section */

/* Begin XCConfigurationList section */
		121D22DB282B60310082CC38 /* Build configuration list for PBXProject "SwiftUIKivaLoan" */ = {
			isa = XCConfigurationList;
			buildConfigurations = (
				121D22EC282B60340082CC38 /* Debug */,
				121D22ED282B60340082CC38 /* Release */,
			);
			defaultConfigurationIsVisible = 0;
			defaultConfigurationName = Release;
		};
		121D22EE282B60340082CC38 /* Build configuration list for PBXNativeTarget "SwiftUIKivaLoan" */ = {
			isa = XCConfigurationList;
			buildConfigurations = (
				121D22EF282B60340082CC38 /* Debug */,
				121D22F0282B60340082CC38 /* Release */,
			);
			defaultConfigurationIsVisible = 0;
			defaultConfigurationName = Release;
		};
/* End XCConfigurationList section */
	};
	rootObject = 121D22D8282B60310082CC38 /* Project object */;
}
