// !$*UTF8*$!
{
	archiveVersion = 1;
	classes = {
	};
	objectVersion = 55;
	objects = {

/* Begin PBXBuildFile section */
		120A4DAF283B63120030A58C /* ButtonTestView.swift in Sources */ = {isa = PBXBuildFile; fileRef = 120A4DAE283B63120030A58C /* ButtonTestView.swift */; };
		1229BB0A283B333A0007A718 /* ScrollCardView.swift in Sources */ = {isa = PBXBuildFile; fileRef = 1229BB09283B333A0007A718 /* ScrollCardView.swift */; };
		122E909B28374449005793B5 /* TestSomeViewApp.swift in Sources */ = {isa = PBXBuildFile; fileRef = 122E909A28374449005793B5 /* TestSomeViewApp.swift */; };
		122E909D28374449005793B5 /* TestContentView.swift in Sources */ = {isa = PBXBuildFile; fileRef = 122E909C28374449005793B5 /* TestContentView.swift */; };
		122E909F2837444B005793B5 /* Assets.xcassets in Resources */ = {isa = PBXBuildFile; fileRef = 122E909E2837444B005793B5 /* Assets.xcassets */; };
		122E90A22837444B005793B5 /* Preview Assets.xcassets in Resources */ = {isa = PBXBuildFile; fileRef = 122E90A12837444B005793B5 /* Preview Assets.xcassets */; };
		122E90AA283744B2005793B5 /* NavigationTestView.swift in Sources */ = {isa = PBXBuildFile; fileRef = 122E90A9283744B2005793B5 /* NavigationTestView.swift */; };
		1247484B283F14B500F80E76 /* UIModalView.swift in Sources */ = {isa = PBXBuildFile; fileRef = 1247484A283F14B500F80E76 /* UIModalView.swift */; };
		1247484D283F14E000F80E76 /* ArticleRow.swift in Sources */ = {isa = PBXBuildFile; fileRef = 1247484C283F14E000F80E76 /* ArticleRow.swift */; };
		12474850283F4C2400F80E76 /* RestaurantDetailView.swift in Sources */ = {isa = PBXBuildFile; fileRef = 1247484F283F4C2400F80E76 /* RestaurantDetailView.swift */; };
		125603A3283C710300AF55C6 /* CountDownView.swift in Sources */ = {isa = PBXBuildFile; fileRef = 125603A2283C710300AF55C6 /* CountDownView.swift */; };
		125603A5283C737C00AF55C6 /* PathShapeView.swift in Sources */ = {isa = PBXBuildFile; fileRef = 125603A4283C737C00AF55C6 /* PathShapeView.swift */; };
		125603A7283C89DB00AF55C6 /* SimpleAnimationView.swift in Sources */ = {isa = PBXBuildFile; fileRef = 125603A6283C89DB00AF55C6 /* SimpleAnimationView.swift */; };
		125603A9283CC92D00AF55C6 /* SwiftUITransitionView.swift in Sources */ = {isa = PBXBuildFile; fileRef = 125603A8283CC92D00AF55C6 /* SwiftUITransitionView.swift */; };
		129953182845A47700B7BC33 /* Trip.swift in Sources */ = {isa = PBXBuildFile; fileRef = 129953172845A47700B7BC33 /* Trip.swift */; };
		1299531B2845A4A600B7BC33 /* TinderTripMainView.swift in Sources */ = {isa = PBXBuildFile; fileRef = 1299531A2845A4A600B7BC33 /* TinderTripMainView.swift */; };
		1299531D2845A4D500B7BC33 /* TinderCardView.swift in Sources */ = {isa = PBXBuildFile; fileRef = 1299531C2845A4D500B7BC33 /* TinderCardView.swift */; };
		1299531F2845BDA400B7BC33 /* DragState.swift in Sources */ = {isa = PBXBuildFile; fileRef = 1299531E2845BDA300B7BC33 /* DragState.swift */; };
		129953222845C25F00B7BC33 /* TinderCardDragView.swift in Sources */ = {isa = PBXBuildFile; fileRef = 129953212845C25F00B7BC33 /* TinderCardDragView.swift */; };
		129953252845FA6100B7BC33 /* Ex+AnyTransition.swift in Sources */ = {isa = PBXBuildFile; fileRef = 129953242845FA6100B7BC33 /* Ex+AnyTransition.swift */; };
		129E60E1284079D300726C48 /* UserRegistrationViewModel.swift in Sources */ = {isa = PBXBuildFile; fileRef = 129E60E0284079D300726C48 /* UserRegistrationViewModel.swift */; };
		129E60E328409DD000726C48 /* RestaurantDeleteRowView.swift in Sources */ = {isa = PBXBuildFile; fileRef = 129E60E228409DD000726C48 /* RestaurantDeleteRowView.swift */; };
		129E60E52840AC7500726C48 /* SimpleGestureView.swift in Sources */ = {isa = PBXBuildFile; fileRef = 129E60E42840AC7400726C48 /* SimpleGestureView.swift */; };
		129E60E72840BD3F00726C48 /* DraggableView.swift in Sources */ = {isa = PBXBuildFile; fileRef = 129E60E62840BD3F00726C48 /* DraggableView.swift */; };
		129E60E92840C0D400726C48 /* MagnifiableView.swift in Sources */ = {isa = PBXBuildFile; fileRef = 129E60E82840C0D400726C48 /* MagnifiableView.swift */; };
		12E299C1283DC9F400D35E4B /* SimpleListView.swift in Sources */ = {isa = PBXBuildFile; fileRef = 12E299C0283DC9F400D35E4B /* SimpleListView.swift */; };
		12E299C3283DF8B700D35E4B /* ArticleNavigationView.swift in Sources */ = {isa = PBXBuildFile; fileRef = 12E299C2283DF8B700D35E4B /* ArticleNavigationView.swift */; };
		12E299C6283DF90200D35E4B /* Restaurant.swift in Sources */ = {isa = PBXBuildFile; fileRef = 12E299C5283DF90200D35E4B /* Restaurant.swift */; };
		12E299CA283E168F00D35E4B /* ArticleDetailView.swift in Sources */ = {isa = PBXBuildFile; fileRef = 12E299C9283E168F00D35E4B /* ArticleDetailView.swift */; };
		12E299CC283E17B100D35E4B /* Article.swift in Sources */ = {isa = PBXBuildFile; fileRef = 12E299CB283E17B100D35E4B /* Article.swift */; };
		12E77183283B1F9B00A0309F /* PriceCardView.swift in Sources */ = {isa = PBXBuildFile; fileRef = 12E77182283B1F9B00A0309F /* PriceCardView.swift */; };
		12EA18C228405EFB000D4552 /* UIFormRegistrationView.swift in Sources */ = {isa = PBXBuildFile; fileRef = 12EA18C128405EFB000D4552 /* UIFormRegistrationView.swift */; };
		12EFCBF028446BC300155CA9 /* RestaurantBottomSheetView.swift in Sources */ = {isa = PBXBuildFile; fileRef = 12EFCBEF28446BC300155CA9 /* RestaurantBottomSheetView.swift */; };
		12EFCBF6284470BF00155CA9 /* RestaurantSheetDetailView.swift in Sources */ = {isa = PBXBuildFile; fileRef = 12EFCBF5284470BF00155CA9 /* RestaurantSheetDetailView.swift */; };
		12F21666283F5A0D000C2100 /* RestaurantNavigationView.swift in Sources */ = {isa = PBXBuildFile; fileRef = 12F21665283F5A0D000C2100 /* RestaurantNavigationView.swift */; };
		12F21668283F6129000C2100 /* RestaurantWithSettingView.swift in Sources */ = {isa = PBXBuildFile; fileRef = 12F21667283F6129000C2100 /* RestaurantWithSettingView.swift */; };
		12F2166A283F61F8000C2100 /* SettingView.swift in Sources */ = {isa = PBXBuildFile; fileRef = 12F21669283F61F8000C2100 /* SettingView.swift */; };
		12F2166C283F7293000C2100 /* SettingStore.swift in Sources */ = {isa = PBXBuildFile; fileRef = 12F2166B283F7293000C2100 /* SettingStore.swift */; };
/* End PBXBuildFile section */

/* Begin PBXFileReference section */
		120A4DAE283B63120030A58C /* ButtonTestView.swift */ = {isa = PBXFileReference; lastKnownFileType = sourcecode.swift; path = ButtonTestView.swift; sourceTree = "<group>"; };
		1229BB09283B333A0007A718 /* ScrollCardView.swift */ = {isa = PBXFileReference; lastKnownFileType = sourcecode.swift; path = ScrollCardView.swift; sourceTree = "<group>"; };
		122E909728374449005793B5 /* TestSomeView.app */ = {isa = PBXFileReference; explicitFileType = wrapper.application; includeInIndex = 0; path = TestSomeView.app; sourceTree = BUILT_PRODUCTS_DIR; };
		122E909A28374449005793B5 /* TestSomeViewApp.swift */ = {isa = PBXFileReference; lastKnownFileType = sourcecode.swift; path = TestSomeViewApp.swift; sourceTree = "<group>"; };
		122E909C28374449005793B5 /* TestContentView.swift */ = {isa = PBXFileReference; lastKnownFileType = sourcecode.swift; path = TestContentView.swift; sourceTree = "<group>"; };
		122E909E2837444B005793B5 /* Assets.xcassets */ = {isa = PBXFileReference; lastKnownFileType = folder.assetcatalog; path = Assets.xcassets; sourceTree = "<group>"; };
		122E90A12837444B005793B5 /* Preview Assets.xcassets */ = {isa = PBXFileReference; lastKnownFileType = folder.assetcatalog; path = "Preview Assets.xcassets"; sourceTree = "<group>"; };
		122E90A9283744B2005793B5 /* NavigationTestView.swift */ = {isa = PBXFileReference; lastKnownFileType = sourcecode.swift; path = NavigationTestView.swift; sourceTree = "<group>"; };
		1247484A283F14B500F80E76 /* UIModalView.swift */ = {isa = PBXFileReference; lastKnownFileType = sourcecode.swift; path = UIModalView.swift; sourceTree = "<group>"; };
		1247484C283F14E000F80E76 /* ArticleRow.swift */ = {isa = PBXFileReference; lastKnownFileType = sourcecode.swift; path = ArticleRow.swift; sourceTree = "<group>"; };
		1247484F283F4C2400F80E76 /* RestaurantDetailView.swift */ = {isa = PBXFileReference; lastKnownFileType = sourcecode.swift; path = RestaurantDetailView.swift; sourceTree = "<group>"; };
		125603A2283C710300AF55C6 /* CountDownView.swift */ = {isa = PBXFileReference; lastKnownFileType = sourcecode.swift; path = CountDownView.swift; sourceTree = "<group>"; };
		125603A4283C737C00AF55C6 /* PathShapeView.swift */ = {isa = PBXFileReference; lastKnownFileType = sourcecode.swift; path = PathShapeView.swift; sourceTree = "<group>"; };
		125603A6283C89DB00AF55C6 /* SimpleAnimationView.swift */ = {isa = PBXFileReference; lastKnownFileType = sourcecode.swift; path = SimpleAnimationView.swift; sourceTree = "<group>"; };
		125603A8283CC92D00AF55C6 /* SwiftUITransitionView.swift */ = {isa = PBXFileReference; lastKnownFileType = sourcecode.swift; path = SwiftUITransitionView.swift; sourceTree = "<group>"; };
		129953172845A47700B7BC33 /* Trip.swift */ = {isa = PBXFileReference; fileEncoding = 4; lastKnownFileType = sourcecode.swift; path = Trip.swift; sourceTree = "<group>"; };
		1299531A2845A4A600B7BC33 /* TinderTripMainView.swift */ = {isa = PBXFileReference; lastKnownFileType = sourcecode.swift; path = TinderTripMainView.swift; sourceTree = "<group>"; };
		1299531C2845A4D500B7BC33 /* TinderCardView.swift */ = {isa = PBXFileReference; lastKnownFileType = sourcecode.swift; path = TinderCardView.swift; sourceTree = "<group>"; };
		1299531E2845BDA300B7BC33 /* DragState.swift */ = {isa = PBXFileReference; lastKnownFileType = sourcecode.swift; path = DragState.swift; sourceTree = "<group>"; };
		129953212845C25F00B7BC33 /* TinderCardDragView.swift */ = {isa = PBXFileReference; lastKnownFileType = sourcecode.swift; path = TinderCardDragView.swift; sourceTree = "<group>"; };
		129953242845FA6100B7BC33 /* Ex+AnyTransition.swift */ = {isa = PBXFileReference; lastKnownFileType = sourcecode.swift; path = "Ex+AnyTransition.swift"; sourceTree = "<group>"; };
		129E60E0284079D300726C48 /* UserRegistrationViewModel.swift */ = {isa = PBXFileReference; lastKnownFileType = sourcecode.swift; path = UserRegistrationViewModel.swift; sourceTree = "<group>"; };
		129E60E228409DD000726C48 /* RestaurantDeleteRowView.swift */ = {isa = PBXFileReference; lastKnownFileType = sourcecode.swift; path = RestaurantDeleteRowView.swift; sourceTree = "<group>"; };
		129E60E42840AC7400726C48 /* SimpleGestureView.swift */ = {isa = PBXFileReference; lastKnownFileType = sourcecode.swift; path = SimpleGestureView.swift; sourceTree = "<group>"; };
		129E60E62840BD3F00726C48 /* DraggableView.swift */ = {isa = PBXFileReference; lastKnownFileType = sourcecode.swift; path = DraggableView.swift; sourceTree = "<group>"; };
		129E60E82840C0D400726C48 /* MagnifiableView.swift */ = {isa = PBXFileReference; lastKnownFileType = sourcecode.swift; path = MagnifiableView.swift; sourceTree = "<group>"; };
		12E299C0283DC9F400D35E4B /* SimpleListView.swift */ = {isa = PBXFileReference; lastKnownFileType = sourcecode.swift; path = SimpleListView.swift; sourceTree = "<group>"; };
		12E299C2283DF8B700D35E4B /* ArticleNavigationView.swift */ = {isa = PBXFileReference; lastKnownFileType = sourcecode.swift; path = ArticleNavigationView.swift; sourceTree = "<group>"; };
		12E299C5283DF90200D35E4B /* Restaurant.swift */ = {isa = PBXFileReference; lastKnownFileType = sourcecode.swift; path = Restaurant.swift; sourceTree = "<group>"; };
		12E299C9283E168F00D35E4B /* ArticleDetailView.swift */ = {isa = PBXFileReference; lastKnownFileType = sourcecode.swift; path = ArticleDetailView.swift; sourceTree = "<group>"; };
		12E299CB283E17B100D35E4B /* Article.swift */ = {isa = PBXFileReference; lastKnownFileType = sourcecode.swift; path = Article.swift; sourceTree = "<group>"; };
		12E77182283B1F9B00A0309F /* PriceCardView.swift */ = {isa = PBXFileReference; lastKnownFileType = sourcecode.swift; path = PriceCardView.swift; sourceTree = "<group>"; };
		12EA18C128405EFB000D4552 /* UIFormRegistrationView.swift */ = {isa = PBXFileReference; lastKnownFileType = sourcecode.swift; path = UIFormRegistrationView.swift; sourceTree = "<group>"; };
		12EFCBEF28446BC300155CA9 /* RestaurantBottomSheetView.swift */ = {isa = PBXFileReference; lastKnownFileType = sourcecode.swift; path = RestaurantBottomSheetView.swift; sourceTree = "<group>"; };
		12EFCBF5284470BF00155CA9 /* RestaurantSheetDetailView.swift */ = {isa = PBXFileReference; lastKnownFileType = sourcecode.swift; path = RestaurantSheetDetailView.swift; sourceTree = "<group>"; };
		12F21665283F5A0D000C2100 /* RestaurantNavigationView.swift */ = {isa = PBXFileReference; lastKnownFileType = sourcecode.swift; path = RestaurantNavigationView.swift; sourceTree = "<group>"; };
		12F21667283F6129000C2100 /* RestaurantWithSettingView.swift */ = {isa = PBXFileReference; lastKnownFileType = sourcecode.swift; path = RestaurantWithSettingView.swift; sourceTree = "<group>"; };
		12F21669283F61F8000C2100 /* SettingView.swift */ = {isa = PBXFileReference; lastKnownFileType = sourcecode.swift; path = SettingView.swift; sourceTree = "<group>"; };
		12F2166B283F7293000C2100 /* SettingStore.swift */ = {isa = PBXFileReference; lastKnownFileType = sourcecode.swift; path = SettingStore.swift; sourceTree = "<group>"; };
/* End PBXFileReference section */

/* Begin PBXFrameworksBuildPhase section */
		122E909428374449005793B5 /* Frameworks */ = {
			isa = PBXFrameworksBuildPhase;
			buildActionMask = 2147483647;
			files = (
			);
			runOnlyForDeploymentPostprocessing = 0;
		};
/* End PBXFrameworksBuildPhase section */

/* Begin PBXGroup section */
		122E908E28374449005793B5 = {
			isa = PBXGroup;
			children = (
				122E909928374449005793B5 /* TestSomeView */,
				122E909828374449005793B5 /* Products */,
			);
			sourceTree = "<group>";
		};
		122E909828374449005793B5 /* Products */ = {
			isa = PBXGroup;
			children = (
				122E909728374449005793B5 /* TestSomeView.app */,
			);
			name = Products;
			sourceTree = "<group>";
		};
		122E909928374449005793B5 /* TestSomeView */ = {
			isa = PBXGroup;
			children = (
				129953232845FA4B00B7BC33 /* Extension */,
				129953152845A44600B7BC33 /* TinderTripMiniApp */,
				129E60DF284079C100726C48 /* ViewModel */,
				12EFCBEC28446A8500155CA9 /* RestaurantMiniApp */,
				12E299C4283DF8F000D35E4B /* Model */,
				122E90A82837448F005793B5 /* View */,
				122E909A28374449005793B5 /* TestSomeViewApp.swift */,
				122E909E2837444B005793B5 /* Assets.xcassets */,
				122E90A02837444B005793B5 /* Preview Content */,
			);
			path = TestSomeView;
			sourceTree = "<group>";
		};
		122E90A02837444B005793B5 /* Preview Content */ = {
			isa = PBXGroup;
			children = (
				122E90A12837444B005793B5 /* Preview Assets.xcassets */,
			);
			path = "Preview Content";
			sourceTree = "<group>";
		};
		122E90A82837448F005793B5 /* View */ = {
			isa = PBXGroup;
			children = (
				1247484E283F16A700F80E76 /* ViewItem */,
				122E909C28374449005793B5 /* TestContentView.swift */,
				122E90A9283744B2005793B5 /* NavigationTestView.swift */,
				12E77182283B1F9B00A0309F /* PriceCardView.swift */,
				1229BB09283B333A0007A718 /* ScrollCardView.swift */,
				120A4DAE283B63120030A58C /* ButtonTestView.swift */,
				125603A2283C710300AF55C6 /* CountDownView.swift */,
				125603A4283C737C00AF55C6 /* PathShapeView.swift */,
				125603A6283C89DB00AF55C6 /* SimpleAnimationView.swift */,
				125603A8283CC92D00AF55C6 /* SwiftUITransitionView.swift */,
				12E299C2283DF8B700D35E4B /* ArticleNavigationView.swift */,
				1247484A283F14B500F80E76 /* UIModalView.swift */,
				12EA18C128405EFB000D4552 /* UIFormRegistrationView.swift */,
				129E60E42840AC7400726C48 /* SimpleGestureView.swift */,
			);
			path = View;
			sourceTree = "<group>";
		};
		1247484E283F16A700F80E76 /* ViewItem */ = {
			isa = PBXGroup;
			children = (
				1247484C283F14E000F80E76 /* ArticleRow.swift */,
				12E299C9283E168F00D35E4B /* ArticleDetailView.swift */,
				129E60E62840BD3F00726C48 /* DraggableView.swift */,
				129E60E82840C0D400726C48 /* MagnifiableView.swift */,
			);
			path = ViewItem;
			sourceTree = "<group>";
		};
		129953152845A44600B7BC33 /* TinderTripMiniApp */ = {
			isa = PBXGroup;
			children = (
				129953202845C22000B7BC33 /* ViewModel */,
				129953192845A47B00B7BC33 /* View */,
				129953162845A44E00B7BC33 /* Model */,
			);
			path = TinderTripMiniApp;
			sourceTree = "<group>";
		};
		129953162845A44E00B7BC33 /* Model */ = {
			isa = PBXGroup;
			children = (
				129953172845A47700B7BC33 /* Trip.swift */,
			);
			path = Model;
			sourceTree = "<group>";
		};
		129953192845A47B00B7BC33 /* View */ = {
			isa = PBXGroup;
			children = (
				1299531A2845A4A600B7BC33 /* TinderTripMainView.swift */,
				1299531C2845A4D500B7BC33 /* TinderCardView.swift */,
			);
			path = View;
			sourceTree = "<group>";
		};
		129953202845C22000B7BC33 /* ViewModel */ = {
			isa = PBXGroup;
			children = (
				129953212845C25F00B7BC33 /* TinderCardDragView.swift */,
			);
			path = ViewModel;
			sourceTree = "<group>";
		};
		129953232845FA4B00B7BC33 /* Extension */ = {
			isa = PBXGroup;
			children = (
				129953242845FA6100B7BC33 /* Ex+AnyTransition.swift */,
			);
			path = Extension;
			sourceTree = "<group>";
		};
		129E60DF284079C100726C48 /* ViewModel */ = {
			isa = PBXGroup;
			children = (
				129E60E0284079D300726C48 /* UserRegistrationViewModel.swift */,
			);
			path = ViewModel;
			sourceTree = "<group>";
		};
		12E299C4283DF8F000D35E4B /* Model */ = {
			isa = PBXGroup;
			children = (
				12E299CB283E17B100D35E4B /* Article.swift */,
				1299531E2845BDA300B7BC33 /* DragState.swift */,
			);
			path = Model;
			sourceTree = "<group>";
		};
		12EFCBEB2844642D00155CA9 /* OldView */ = {
			isa = PBXGroup;
			children = (
				12F21669283F61F8000C2100 /* SettingView.swift */,
				12E299C0283DC9F400D35E4B /* SimpleListView.swift */,
				1247484F283F4C2400F80E76 /* RestaurantDetailView.swift */,
				12F21665283F5A0D000C2100 /* RestaurantNavigationView.swift */,
				12F21667283F6129000C2100 /* RestaurantWithSettingView.swift */,
				129E60E228409DD000726C48 /* RestaurantDeleteRowView.swift */,
			);
			path = OldView;
			sourceTree = "<group>";
		};
		12EFCBEC28446A8500155CA9 /* RestaurantMiniApp */ = {
			isa = PBXGroup;
			children = (
				12EFCBF128446C2600155CA9 /* OldModel */,
				12EFCBEB2844642D00155CA9 /* OldView */,
				12EFCBEE28446AB400155CA9 /* View */,
				12EFCBED28446AAD00155CA9 /* Model */,
			);
			path = RestaurantMiniApp;
			sourceTree = "<group>";
		};
		12EFCBED28446AAD00155CA9 /* Model */ = {
			isa = PBXGroup;
			children = (
				12E299C5283DF90200D35E4B /* Restaurant.swift */,
			);
			path = Model;
			sourceTree = "<group>";
		};
		12EFCBEE28446AB400155CA9 /* View */ = {
			isa = PBXGroup;
			children = (
				12EFCBEF28446BC300155CA9 /* RestaurantBottomSheetView.swift */,
				12EFCBF5284470BF00155CA9 /* RestaurantSheetDetailView.swift */,
			);
			path = View;
			sourceTree = "<group>";
		};
		12EFCBF128446C2600155CA9 /* OldModel */ = {
			isa = PBXGroup;
			children = (
				12F2166B283F7293000C2100 /* SettingStore.swift */,
			);
			path = OldModel;
			sourceTree = "<group>";
		};
/* End PBXGroup section */

/* Begin PBXNativeTarget section */
		122E909628374449005793B5 /* TestSomeView */ = {
			isa = PBXNativeTarget;
			buildConfigurationList = 122E90A52837444B005793B5 /* Build configuration list for PBXNativeTarget "TestSomeView" */;
			buildPhases = (
				122E909328374449005793B5 /* Sources */,
				122E909428374449005793B5 /* Frameworks */,
				122E909528374449005793B5 /* Resources */,
			);
			buildRules = (
			);
			dependencies = (
			);
			name = TestSomeView;
			productName = TestSomeView;
			productReference = 122E909728374449005793B5 /* TestSomeView.app */;
			productType = "com.apple.product-type.application";
		};
/* End PBXNativeTarget section */

/* Begin PBXProject section */
		122E908F28374449005793B5 /* Project object */ = {
			isa = PBXProject;
			attributes = {
				BuildIndependentTargetsInParallel = 1;
				LastSwiftUpdateCheck = 1340;
				LastUpgradeCheck = 1340;
				TargetAttributes = {
					122E909628374449005793B5 = {
						CreatedOnToolsVersion = 13.4;
					};
				};
			};
			buildConfigurationList = 122E909228374449005793B5 /* Build configuration list for PBXProject "TestSomeView" */;
			compatibilityVersion = "Xcode 13.0";
			developmentRegion = en;
			hasScannedForEncodings = 0;
			knownRegions = (
				en,
				Base,
			);
			mainGroup = 122E908E28374449005793B5;
			productRefGroup = 122E909828374449005793B5 /* Products */;
			projectDirPath = "";
			projectRoot = "";
			targets = (
				122E909628374449005793B5 /* TestSomeView */,
			);
		};
/* End PBXProject section */

/* Begin PBXResourcesBuildPhase section */
		122E909528374449005793B5 /* Resources */ = {
			isa = PBXResourcesBuildPhase;
			buildActionMask = 2147483647;
			files = (
				122E90A22837444B005793B5 /* Preview Assets.xcassets in Resources */,
				122E909F2837444B005793B5 /* Assets.xcassets in Resources */,
			);
			runOnlyForDeploymentPostprocessing = 0;
		};
/* End PBXResourcesBuildPhase section */

/* Begin PBXSourcesBuildPhase section */
		122E909328374449005793B5 /* Sources */ = {
			isa = PBXSourcesBuildPhase;
			buildActionMask = 2147483647;
			files = (
				129E60E1284079D300726C48 /* UserRegistrationViewModel.swift in Sources */,
				12E299C6283DF90200D35E4B /* Restaurant.swift in Sources */,
				125603A3283C710300AF55C6 /* CountDownView.swift in Sources */,
				1247484B283F14B500F80E76 /* UIModalView.swift in Sources */,
				12F2166A283F61F8000C2100 /* SettingView.swift in Sources */,
				1247484D283F14E000F80E76 /* ArticleRow.swift in Sources */,
				129E60E92840C0D400726C48 /* MagnifiableView.swift in Sources */,
				129E60E328409DD000726C48 /* RestaurantDeleteRowView.swift in Sources */,
				12F21668283F6129000C2100 /* RestaurantWithSettingView.swift in Sources */,
				12EA18C228405EFB000D4552 /* UIFormRegistrationView.swift in Sources */,
				12EFCBF028446BC300155CA9 /* RestaurantBottomSheetView.swift in Sources */,
				1299531F2845BDA400B7BC33 /* DragState.swift in Sources */,
				122E909D28374449005793B5 /* TestContentView.swift in Sources */,
				12E299C3283DF8B700D35E4B /* ArticleNavigationView.swift in Sources */,
				122E909B28374449005793B5 /* TestSomeViewApp.swift in Sources */,
				129E60E72840BD3F00726C48 /* DraggableView.swift in Sources */,
				1229BB0A283B333A0007A718 /* ScrollCardView.swift in Sources */,
				12E299C1283DC9F400D35E4B /* SimpleListView.swift in Sources */,
				129E60E52840AC7500726C48 /* SimpleGestureView.swift in Sources */,
				12E77183283B1F9B00A0309F /* PriceCardView.swift in Sources */,
				129953182845A47700B7BC33 /* Trip.swift in Sources */,
				120A4DAF283B63120030A58C /* ButtonTestView.swift in Sources */,
				125603A7283C89DB00AF55C6 /* SimpleAnimationView.swift in Sources */,
				12F21666283F5A0D000C2100 /* RestaurantNavigationView.swift in Sources */,
				129953252845FA6100B7BC33 /* Ex+AnyTransition.swift in Sources */,
				1299531D2845A4D500B7BC33 /* TinderCardView.swift in Sources */,
				12E299CA283E168F00D35E4B /* ArticleDetailView.swift in Sources */,
				1299531B2845A4A600B7BC33 /* TinderTripMainView.swift in Sources */,
				129953222845C25F00B7BC33 /* TinderCardDragView.swift in Sources */,
				122E90AA283744B2005793B5 /* NavigationTestView.swift in Sources */,
				12EFCBF6284470BF00155CA9 /* RestaurantSheetDetailView.swift in Sources */,
				12474850283F4C2400F80E76 /* RestaurantDetailView.swift in Sources */,
				125603A5283C737C00AF55C6 /* PathShapeView.swift in Sources */,
				125603A9283CC92D00AF55C6 /* SwiftUITransitionView.swift in Sources */,
				12F2166C283F7293000C2100 /* SettingStore.swift in Sources */,
				12E299CC283E17B100D35E4B /* Article.swift in Sources */,
			);
			runOnlyForDeploymentPostprocessing = 0;
		};
/* End PBXSourcesBuildPhase section */

/* Begin XCBuildConfiguration section */
		122E90A32837444B005793B5 /* Debug */ = {
			isa = XCBuildConfiguration;
			buildSettings = {
				ALWAYS_SEARCH_USER_PATHS = NO;
				CLANG_ANALYZER_NONNULL = YES;
				CLANG_ANALYZER_NUMBER_OBJECT_CONVERSION = YES_AGGRESSIVE;
				CLANG_CXX_LANGUAGE_STANDARD = "gnu++17";
				CLANG_ENABLE_MODULES = YES;
				CLANG_ENABLE_OBJC_ARC = YES;
				CLANG_ENABLE_OBJC_WEAK = YES;
				CLANG_WARN_BLOCK_CAPTURE_AUTORELEASING = YES;
				CLANG_WARN_BOOL_CONVERSION = YES;
				CLANG_WARN_COMMA = YES;
				CLANG_WARN_CONSTANT_CONVERSION = YES;
				CLANG_WARN_DEPRECATED_OBJC_IMPLEMENTATIONS = YES;
				CLANG_WARN_DIRECT_OBJC_ISA_USAGE = YES_ERROR;
				CLANG_WARN_DOCUMENTATION_COMMENTS = YES;
				CLANG_WARN_EMPTY_BODY = YES;
				CLANG_WARN_ENUM_CONVERSION = YES;
				CLANG_WARN_INFINITE_RECURSION = YES;
				CLANG_WARN_INT_CONVERSION = YES;
				CLANG_WARN_NON_LITERAL_NULL_CONVERSION = YES;
				CLANG_WARN_OBJC_IMPLICIT_RETAIN_SELF = YES;
				CLANG_WARN_OBJC_LITERAL_CONVERSION = YES;
				CLANG_WARN_OBJC_ROOT_CLASS = YES_ERROR;
				CLANG_WARN_QUOTED_INCLUDE_IN_FRAMEWORK_HEADER = YES;
				CLANG_WARN_RANGE_LOOP_ANALYSIS = YES;
				CLANG_WARN_STRICT_PROTOTYPES = YES;
				CLANG_WARN_SUSPICIOUS_MOVE = YES;
				CLANG_WARN_UNGUARDED_AVAILABILITY = YES_AGGRESSIVE;
				CLANG_WARN_UNREACHABLE_CODE = YES;
				CLANG_WARN__DUPLICATE_METHOD_MATCH = YES;
				COPY_PHASE_STRIP = NO;
				DEBUG_INFORMATION_FORMAT = dwarf;
				ENABLE_STRICT_OBJC_MSGSEND = YES;
				ENABLE_TESTABILITY = YES;
				GCC_C_LANGUAGE_STANDARD = gnu11;
				GCC_DYNAMIC_NO_PIC = NO;
				GCC_NO_COMMON_BLOCKS = YES;
				GCC_OPTIMIZATION_LEVEL = 0;
				GCC_PREPROCESSOR_DEFINITIONS = (
					"DEBUG=1",
					"$(inherited)",
				);
				GCC_WARN_64_TO_32_BIT_CONVERSION = YES;
				GCC_WARN_ABOUT_RETURN_TYPE = YES_ERROR;
				GCC_WARN_UNDECLARED_SELECTOR = YES;
				GCC_WARN_UNINITIALIZED_AUTOS = YES_AGGRESSIVE;
				GCC_WARN_UNUSED_FUNCTION = YES;
				GCC_WARN_UNUSED_VARIABLE = YES;
				IPHONEOS_DEPLOYMENT_TARGET = 15.5;
				MTL_ENABLE_DEBUG_INFO = INCLUDE_SOURCE;
				MTL_FAST_MATH = YES;
				ONLY_ACTIVE_ARCH = YES;
				SDKROOT = iphoneos;
				SWIFT_ACTIVE_COMPILATION_CONDITIONS = DEBUG;
				SWIFT_OPTIMIZATION_LEVEL = "-Onone";
			};
			name = Debug;
		};
		122E90A42837444B005793B5 /* Release */ = {
			isa = XCBuildConfiguration;
			buildSettings = {
				ALWAYS_SEARCH_USER_PATHS = NO;
				CLANG_ANALYZER_NONNULL = YES;
				CLANG_ANALYZER_NUMBER_OBJECT_CONVERSION = YES_AGGRESSIVE;
				CLANG_CXX_LANGUAGE_STANDARD = "gnu++17";
				CLANG_ENABLE_MODULES = YES;
				CLANG_ENABLE_OBJC_ARC = YES;
				CLANG_ENABLE_OBJC_WEAK = YES;
				CLANG_WARN_BLOCK_CAPTURE_AUTORELEASING = YES;
				CLANG_WARN_BOOL_CONVERSION = YES;
				CLANG_WARN_COMMA = YES;
				CLANG_WARN_CONSTANT_CONVERSION = YES;
				CLANG_WARN_DEPRECATED_OBJC_IMPLEMENTATIONS = YES;
				CLANG_WARN_DIRECT_OBJC_ISA_USAGE = YES_ERROR;
				CLANG_WARN_DOCUMENTATION_COMMENTS = YES;
				CLANG_WARN_EMPTY_BODY = YES;
				CLANG_WARN_ENUM_CONVERSION = YES;
				CLANG_WARN_INFINITE_RECURSION = YES;
				CLANG_WARN_INT_CONVERSION = YES;
				CLANG_WARN_NON_LITERAL_NULL_CONVERSION = YES;
				CLANG_WARN_OBJC_IMPLICIT_RETAIN_SELF = YES;
				CLANG_WARN_OBJC_LITERAL_CONVERSION = YES;
				CLANG_WARN_OBJC_ROOT_CLASS = YES_ERROR;
				CLANG_WARN_QUOTED_INCLUDE_IN_FRAMEWORK_HEADER = YES;
				CLANG_WARN_RANGE_LOOP_ANALYSIS = YES;
				CLANG_WARN_STRICT_PROTOTYPES = YES;
				CLANG_WARN_SUSPICIOUS_MOVE = YES;
				CLANG_WARN_UNGUARDED_AVAILABILITY = YES_AGGRESSIVE;
				CLANG_WARN_UNREACHABLE_CODE = YES;
				CLANG_WARN__DUPLICATE_METHOD_MATCH = YES;
				COPY_PHASE_STRIP = NO;
				DEBUG_INFORMATION_FORMAT = "dwarf-with-dsym";
				ENABLE_NS_ASSERTIONS = NO;
				ENABLE_STRICT_OBJC_MSGSEND = YES;
				GCC_C_LANGUAGE_STANDARD = gnu11;
				GCC_NO_COMMON_BLOCKS = YES;
				GCC_WARN_64_TO_32_BIT_CONVERSION = YES;
				GCC_WARN_ABOUT_RETURN_TYPE = YES_ERROR;
				GCC_WARN_UNDECLARED_SELECTOR = YES;
				GCC_WARN_UNINITIALIZED_AUTOS = YES_AGGRESSIVE;
				GCC_WARN_UNUSED_FUNCTION = YES;
				GCC_WARN_UNUSED_VARIABLE = YES;
				IPHONEOS_DEPLOYMENT_TARGET = 15.5;
				MTL_ENABLE_DEBUG_INFO = NO;
				MTL_FAST_MATH = YES;
				SDKROOT = iphoneos;
				SWIFT_COMPILATION_MODE = wholemodule;
				SWIFT_OPTIMIZATION_LEVEL = "-O";
				VALIDATE_PRODUCT = YES;
			};
			name = Release;
		};
		122E90A62837444B005793B5 /* Debug */ = {
			isa = XCBuildConfiguration;
			buildSettings = {
				ASSETCATALOG_COMPILER_APPICON_NAME = AppIcon;
				ASSETCATALOG_COMPILER_GLOBAL_ACCENT_COLOR_NAME = AccentColor;
				CODE_SIGN_STYLE = Automatic;
				CURRENT_PROJECT_VERSION = 1;
				DEVELOPMENT_ASSET_PATHS = "\"TestSomeView/Preview Content\"";
				ENABLE_PREVIEWS = YES;
				GENERATE_INFOPLIST_FILE = YES;
				INFOPLIST_KEY_UIApplicationSceneManifest_Generation = YES;
				INFOPLIST_KEY_UIApplicationSupportsIndirectInputEvents = YES;
				INFOPLIST_KEY_UILaunchScreen_Generation = YES;
				INFOPLIST_KEY_UISupportedInterfaceOrientations_iPad = "UIInterfaceOrientationPortrait UIInterfaceOrientationPortraitUpsideDown UIInterfaceOrientationLandscapeLeft UIInterfaceOrientationLandscapeRight";
				INFOPLIST_KEY_UISupportedInterfaceOrientations_iPhone = "UIInterfaceOrientationPortrait UIInterfaceOrientationLandscapeLeft UIInterfaceOrientationLandscapeRight";
				LD_RUNPATH_SEARCH_PATHS = (
					"$(inherited)",
					"@executable_path/Frameworks",
				);
				MARKETING_VERSION = 1.0;
				PRODUCT_BUNDLE_IDENTIFIER = com.trixie.TestSomeView;
				PRODUCT_NAME = "$(TARGET_NAME)";
				SWIFT_EMIT_LOC_STRINGS = YES;
				SWIFT_VERSION = 5.0;
				TARGETED_DEVICE_FAMILY = "1,2";
			};
			name = Debug;
		};
		122E90A72837444B005793B5 /* Release */ = {
			isa = XCBuildConfiguration;
			buildSettings = {
				ASSETCATALOG_COMPILER_APPICON_NAME = AppIcon;
				ASSETCATALOG_COMPILER_GLOBAL_ACCENT_COLOR_NAME = AccentColor;
				CODE_SIGN_STYLE = Automatic;
				CURRENT_PROJECT_VERSION = 1;
				DEVELOPMENT_ASSET_PATHS = "\"TestSomeView/Preview Content\"";
				ENABLE_PREVIEWS = YES;
				GENERATE_INFOPLIST_FILE = YES;
				INFOPLIST_KEY_UIApplicationSceneManifest_Generation = YES;
				INFOPLIST_KEY_UIApplicationSupportsIndirectInputEvents = YES;
				INFOPLIST_KEY_UILaunchScreen_Generation = YES;
				INFOPLIST_KEY_UISupportedInterfaceOrientations_iPad = "UIInterfaceOrientationPortrait UIInterfaceOrientationPortraitUpsideDown UIInterfaceOrientationLandscapeLeft UIInterfaceOrientationLandscapeRight";
				INFOPLIST_KEY_UISupportedInterfaceOrientations_iPhone = "UIInterfaceOrientationPortrait UIInterfaceOrientationLandscapeLeft UIInterfaceOrientationLandscapeRight";
				LD_RUNPATH_SEARCH_PATHS = (
					"$(inherited)",
					"@executable_path/Frameworks",
				);
				MARKETING_VERSION = 1.0;
				PRODUCT_BUNDLE_IDENTIFIER = com.trixie.TestSomeView;
				PRODUCT_NAME = "$(TARGET_NAME)";
				SWIFT_EMIT_LOC_STRINGS = YES;
				SWIFT_VERSION = 5.0;
				TARGETED_DEVICE_FAMILY = "1,2";
			};
			name = Release;
		};
/* End XCBuildConfiguration section */

/* Begin XCConfigurationList section */
		122E909228374449005793B5 /* Build configuration list for PBXProject "TestSomeView" */ = {
			isa = XCConfigurationList;
			buildConfigurations = (
				122E90A32837444B005793B5 /* Debug */,
				122E90A42837444B005793B5 /* Release */,
			);
			defaultConfigurationIsVisible = 0;
			defaultConfigurationName = Release;
		};
		122E90A52837444B005793B5 /* Build configuration list for PBXNativeTarget "TestSomeView" */ = {
			isa = XCConfigurationList;
			buildConfigurations = (
				122E90A62837444B005793B5 /* Debug */,
				122E90A72837444B005793B5 /* Release */,
			);
			defaultConfigurationIsVisible = 0;
			defaultConfigurationName = Release;
		};
/* End XCConfigurationList section */
	};
	rootObject = 122E908F28374449005793B5 /* Project object */;
}
